// !$*UTF8*$!
{
	archiveVersion = 1;
	classes = {
	};
	objectVersion = 46;
	objects = {

/* Begin PBXBuildFile section */
		D76BAA571ECE51BD007490E9 /* AppDelegate.swift in Sources */ = {isa = PBXBuildFile; fileRef = D76BAA561ECE51BD007490E9 /* AppDelegate.swift */; };
		D76BAA591ECE51BD007490E9 /* ViewController.swift in Sources */ = {isa = PBXBuildFile; fileRef = D76BAA581ECE51BD007490E9 /* ViewController.swift */; };
		D76BAA5C1ECE51BD007490E9 /* Main.storyboard in Resources */ = {isa = PBXBuildFile; fileRef = D76BAA5A1ECE51BD007490E9 /* Main.storyboard */; };
		D76BAA5E1ECE51BD007490E9 /* Assets.xcassets in Resources */ = {isa = PBXBuildFile; fileRef = D76BAA5D1ECE51BD007490E9 /* Assets.xcassets */; };
		D76BAA611ECE51BD007490E9 /* LaunchScreen.storyboard in Resources */ = {isa = PBXBuildFile; fileRef = D76BAA5F1ECE51BD007490E9 /* LaunchScreen.storyboard */; };
		D76BAA6C1ECE51BD007490E9 /* Black_HatTests.swift in Sources */ = {isa = PBXBuildFile; fileRef = D76BAA6B1ECE51BD007490E9 /* Black_HatTests.swift */; };
		D76BAA771ECE51BD007490E9 /* Black_HatUITests.swift in Sources */ = {isa = PBXBuildFile; fileRef = D76BAA761ECE51BD007490E9 /* Black_HatUITests.swift */; };
/* End PBXBuildFile section */

/* Begin PBXContainerItemProxy section */
		D76BAA681ECE51BD007490E9 /* PBXContainerItemProxy */ = {
			isa = PBXContainerItemProxy;
			containerPortal = D76BAA4B1ECE51BD007490E9 /* Project object */;
			proxyType = 1;
			remoteGlobalIDString = D76BAA521ECE51BD007490E9;
			remoteInfo = "Black Hat";
		};
		D76BAA731ECE51BD007490E9 /* PBXContainerItemProxy */ = {
			isa = PBXContainerItemProxy;
			containerPortal = D76BAA4B1ECE51BD007490E9 /* Project object */;
			proxyType = 1;
			remoteGlobalIDString = D76BAA521ECE51BD007490E9;
			remoteInfo = "Black Hat";
		};
/* End PBXContainerItemProxy section */

/* Begin PBXFileReference section */
		D76BAA531ECE51BD007490E9 /* Black Hat.app */ = {isa = PBXFileReference; explicitFileType = wrapper.application; includeInIndex = 0; path = "Black Hat.app"; sourceTree = BUILT_PRODUCTS_DIR; };
		D76BAA561ECE51BD007490E9 /* AppDelegate.swift */ = {isa = PBXFileReference; lastKnownFileType = sourcecode.swift; path = AppDelegate.swift; sourceTree = "<group>"; };
		D76BAA581ECE51BD007490E9 /* ViewController.swift */ = {isa = PBXFileReference; lastKnownFileType = sourcecode.swift; path = ViewController.swift; sourceTree = "<group>"; };
		D76BAA5B1ECE51BD007490E9 /* Base */ = {isa = PBXFileReference; lastKnownFileType = file.storyboard; name = Base; path = Base.lproj/Main.storyboard; sourceTree = "<group>"; };
		D76BAA5D1ECE51BD007490E9 /* Assets.xcassets */ = {isa = PBXFileReference; lastKnownFileType = folder.assetcatalog; path = Assets.xcassets; sourceTree = "<group>"; };
		D76BAA601ECE51BD007490E9 /* Base */ = {isa = PBXFileReference; lastKnownFileType = file.storyboard; name = Base; path = Base.lproj/LaunchScreen.storyboard; sourceTree = "<group>"; };
		D76BAA621ECE51BD007490E9 /* Info.plist */ = {isa = PBXFileReference; lastKnownFileType = text.plist.xml; path = Info.plist; sourceTree = "<group>"; };
		D76BAA671ECE51BD007490E9 /* Black HatTests.xctest */ = {isa = PBXFileReference; explicitFileType = wrapper.cfbundle; includeInIndex = 0; path = "Black HatTests.xctest"; sourceTree = BUILT_PRODUCTS_DIR; };
		D76BAA6B1ECE51BD007490E9 /* Black_HatTests.swift */ = {isa = PBXFileReference; lastKnownFileType = sourcecode.swift; path = Black_HatTests.swift; sourceTree = "<group>"; };
		D76BAA6D1ECE51BD007490E9 /* Info.plist */ = {isa = PBXFileReference; lastKnownFileType = text.plist.xml; path = Info.plist; sourceTree = "<group>"; };
		D76BAA721ECE51BD007490E9 /* Black HatUITests.xctest */ = {isa = PBXFileReference; explicitFileType = wrapper.cfbundle; includeInIndex = 0; path = "Black HatUITests.xctest"; sourceTree = BUILT_PRODUCTS_DIR; };
		D76BAA761ECE51BD007490E9 /* Black_HatUITests.swift */ = {isa = PBXFileReference; lastKnownFileType = sourcecode.swift; path = Black_HatUITests.swift; sourceTree = "<group>"; };
		D76BAA781ECE51BD007490E9 /* Info.plist */ = {isa = PBXFileReference; lastKnownFileType = text.plist.xml; path = Info.plist; sourceTree = "<group>"; };
/* End PBXFileReference section */

/* Begin PBXFrameworksBuildPhase section */
		D76BAA501ECE51BD007490E9 /* Frameworks */ = {
			isa = PBXFrameworksBuildPhase;
			buildActionMask = 2147483647;
			files = (
			);
			runOnlyForDeploymentPostprocessing = 0;
		};
		D76BAA641ECE51BD007490E9 /* Frameworks */ = {
			isa = PBXFrameworksBuildPhase;
			buildActionMask = 2147483647;
			files = (
			);
			runOnlyForDeploymentPostprocessing = 0;
		};
		D76BAA6F1ECE51BD007490E9 /* Frameworks */ = {
			isa = PBXFrameworksBuildPhase;
			buildActionMask = 2147483647;
			files = (
			);
			runOnlyForDeploymentPostprocessing = 0;
		};
/* End PBXFrameworksBuildPhase section */

/* Begin PBXGroup section */
		D76BAA4A1ECE51BD007490E9 = {
			isa = PBXGroup;
			children = (
				D76BAA551ECE51BD007490E9 /* Black Hat */,
				D76BAA6A1ECE51BD007490E9 /* Black HatTests */,
				D76BAA751ECE51BD007490E9 /* Black HatUITests */,
				D76BAA541ECE51BD007490E9 /* Products */,
			);
			sourceTree = "<group>";
		};
		D76BAA541ECE51BD007490E9 /* Products */ = {
			isa = PBXGroup;
			children = (
				D76BAA531ECE51BD007490E9 /* Black Hat.app */,
				D76BAA671ECE51BD007490E9 /* Black HatTests.xctest */,
				D76BAA721ECE51BD007490E9 /* Black HatUITests.xctest */,
			);
			name = Products;
			sourceTree = "<group>";
		};
		D76BAA551ECE51BD007490E9 /* Black Hat */ = {
			isa = PBXGroup;
			children = (
				D76BAA561ECE51BD007490E9 /* AppDelegate.swift */,
				D76BAA581ECE51BD007490E9 /* ViewController.swift */,
				D76BAA5A1ECE51BD007490E9 /* Main.storyboard */,
				D76BAA5D1ECE51BD007490E9 /* Assets.xcassets */,
				D76BAA5F1ECE51BD007490E9 /* LaunchScreen.storyboard */,
				D76BAA621ECE51BD007490E9 /* Info.plist */,
			);
			path = "Black Hat";
			sourceTree = "<group>";
		};
		D76BAA6A1ECE51BD007490E9 /* Black HatTests */ = {
			isa = PBXGroup;
			children = (
				D76BAA6B1ECE51BD007490E9 /* Black_HatTests.swift */,
				D76BAA6D1ECE51BD007490E9 /* Info.plist */,
			);
			path = "Black HatTests";
			sourceTree = "<group>";
		};
		D76BAA751ECE51BD007490E9 /* Black HatUITests */ = {
			isa = PBXGroup;
			children = (
				D76BAA761ECE51BD007490E9 /* Black_HatUITests.swift */,
				D76BAA781ECE51BD007490E9 /* Info.plist */,
			);
			path = "Black HatUITests";
			sourceTree = "<group>";
		};
/* End PBXGroup section */

/* Begin PBXNativeTarget section */
		D76BAA521ECE51BD007490E9 /* Black Hat */ = {
			isa = PBXNativeTarget;
			buildConfigurationList = D76BAA7B1ECE51BD007490E9 /* Build configuration list for PBXNativeTarget "Black Hat" */;
			buildPhases = (
				D76BAA4F1ECE51BD007490E9 /* Sources */,
				D76BAA501ECE51BD007490E9 /* Frameworks */,
				D76BAA511ECE51BD007490E9 /* Resources */,
			);
			buildRules = (
			);
			dependencies = (
			);
			name = "Black Hat";
			productName = "Black Hat";
			productReference = D76BAA531ECE51BD007490E9 /* Black Hat.app */;
			productType = "com.apple.product-type.application";
		};
		D76BAA661ECE51BD007490E9 /* Black HatTests */ = {
			isa = PBXNativeTarget;
			buildConfigurationList = D76BAA7E1ECE51BD007490E9 /* Build configuration list for PBXNativeTarget "Black HatTests" */;
			buildPhases = (
				D76BAA631ECE51BD007490E9 /* Sources */,
				D76BAA641ECE51BD007490E9 /* Frameworks */,
				D76BAA651ECE51BD007490E9 /* Resources */,
			);
			buildRules = (
			);
			dependencies = (
				D76BAA691ECE51BD007490E9 /* PBXTargetDependency */,
			);
			name = "Black HatTests";
			productName = "Black HatTests";
			productReference = D76BAA671ECE51BD007490E9 /* Black HatTests.xctest */;
			productType = "com.apple.product-type.bundle.unit-test";
		};
		D76BAA711ECE51BD007490E9 /* Black HatUITests */ = {
			isa = PBXNativeTarget;
			buildConfigurationList = D76BAA811ECE51BD007490E9 /* Build configuration list for PBXNativeTarget "Black HatUITests" */;
			buildPhases = (
				D76BAA6E1ECE51BD007490E9 /* Sources */,
				D76BAA6F1ECE51BD007490E9 /* Frameworks */,
				D76BAA701ECE51BD007490E9 /* Resources */,
			);
			buildRules = (
			);
			dependencies = (
				D76BAA741ECE51BD007490E9 /* PBXTargetDependency */,
			);
			name = "Black HatUITests";
			productName = "Black HatUITests";
			productReference = D76BAA721ECE51BD007490E9 /* Black HatUITests.xctest */;
			productType = "com.apple.product-type.bundle.ui-testing";
		};
/* End PBXNativeTarget section */

/* Begin PBXProject section */
		D76BAA4B1ECE51BD007490E9 /* Project object */ = {
			isa = PBXProject;
			attributes = {
				LastSwiftUpdateCheck = 0830;
				LastUpgradeCheck = 0830;
				ORGANIZATIONNAME = "Mihky's Laboratory";
				TargetAttributes = {
					D76BAA521ECE51BD007490E9 = {
						CreatedOnToolsVersion = 8.3.2;
						ProvisioningStyle = Automatic;
					};
					D76BAA661ECE51BD007490E9 = {
						CreatedOnToolsVersion = 8.3.2;
						ProvisioningStyle = Automatic;
						TestTargetID = D76BAA521ECE51BD007490E9;
					};
					D76BAA711ECE51BD007490E9 = {
						CreatedOnToolsVersion = 8.3.2;
						ProvisioningStyle = Automatic;
						TestTargetID = D76BAA521ECE51BD007490E9;
					};
				};
			};
			buildConfigurationList = D76BAA4E1ECE51BD007490E9 /* Build configuration list for PBXProject "Black Hat" */;
			compatibilityVersion = "Xcode 3.2";
			developmentRegion = English;
			hasScannedForEncodings = 0;
			knownRegions = (
				en,
				Base,
			);
			mainGroup = D76BAA4A1ECE51BD007490E9;
			productRefGroup = D76BAA541ECE51BD007490E9 /* Products */;
			projectDirPath = "";
			projectRoot = "";
			targets = (
				D76BAA521ECE51BD007490E9 /* Black Hat */,
				D76BAA661ECE51BD007490E9 /* Black HatTests */,
				D76BAA711ECE51BD007490E9 /* Black HatUITests */,
			);
		};
/* End PBXProject section */

/* Begin PBXResourcesBuildPhase section */
		D76BAA511ECE51BD007490E9 /* Resources */ = {
			isa = PBXResourcesBuildPhase;
			buildActionMask = 2147483647;
			files = (
				D76BAA611ECE51BD007490E9 /* LaunchScreen.storyboard in Resources */,
				D76BAA5E1ECE51BD007490E9 /* Assets.xcassets in Resources */,
				D76BAA5C1ECE51BD007490E9 /* Main.storyboard in Resources */,
			);
			runOnlyForDeploymentPostprocessing = 0;
		};
		D76BAA651ECE51BD007490E9 /* Resources */ = {
			isa = PBXResourcesBuildPhase;
			buildActionMask = 2147483647;
			files = (
			);
			runOnlyForDeploymentPostprocessing = 0;
		};
		D76BAA701ECE51BD007490E9 /* Resources */ = {
			isa = PBXResourcesBuildPhase;
			buildActionMask = 2147483647;
			files = (
			);
			runOnlyForDeploymentPostprocessing = 0;
		};
/* End PBXResourcesBuildPhase section */

/* Begin PBXSourcesBuildPhase section */
		D76BAA4F1ECE51BD007490E9 /* Sources */ = {
			isa = PBXSourcesBuildPhase;
			buildActionMask = 2147483647;
			files = (
				D76BAA591ECE51BD007490E9 /* ViewController.swift in Sources */,
				D76BAA571ECE51BD007490E9 /* AppDelegate.swift in Sources */,
			);
			runOnlyForDeploymentPostprocessing = 0;
		};
		D76BAA631ECE51BD007490E9 /* Sources */ = {
			isa = PBXSourcesBuildPhase;
			buildActionMask = 2147483647;
			files = (
				D76BAA6C1ECE51BD007490E9 /* Black_HatTests.swift in Sources */,
			);
			runOnlyForDeploymentPostprocessing = 0;
		};
		D76BAA6E1ECE51BD007490E9 /* Sources */ = {
			isa = PBXSourcesBuildPhase;
			buildActionMask = 2147483647;
			files = (
				D76BAA771ECE51BD007490E9 /* Black_HatUITests.swift in Sources */,
			);
			runOnlyForDeploymentPostprocessing = 0;
		};
/* End PBXSourcesBuildPhase section */

/* Begin PBXTargetDependency section */
		D76BAA691ECE51BD007490E9 /* PBXTargetDependency */ = {
			isa = PBXTargetDependency;
			target = D76BAA521ECE51BD007490E9 /* Black Hat */;
			targetProxy = D76BAA681ECE51BD007490E9 /* PBXContainerItemProxy */;
		};
		D76BAA741ECE51BD007490E9 /* PBXTargetDependency */ = {
			isa = PBXTargetDependency;
			target = D76BAA521ECE51BD007490E9 /* Black Hat */;
			targetProxy = D76BAA731ECE51BD007490E9 /* PBXContainerItemProxy */;
		};
/* End PBXTargetDependency section */

/* Begin PBXVariantGroup section */
		D76BAA5A1ECE51BD007490E9 /* Main.storyboard */ = {
			isa = PBXVariantGroup;
			children = (
				D76BAA5B1ECE51BD007490E9 /* Base */,
			);
			name = Main.storyboard;
			sourceTree = "<group>";
		};
		D76BAA5F1ECE51BD007490E9 /* LaunchScreen.storyboard */ = {
			isa = PBXVariantGroup;
			children = (
				D76BAA601ECE51BD007490E9 /* Base */,
			);
			name = LaunchScreen.storyboard;
			sourceTree = "<group>";
		};
/* End PBXVariantGroup section */

/* Begin XCBuildConfiguration section */
		D76BAA791ECE51BD007490E9 /* Debug */ = {
			isa = XCBuildConfiguration;
			buildSettings = {
				ALWAYS_SEARCH_USER_PATHS = NO;
				CLANG_ANALYZER_NONNULL = YES;
				CLANG_ANALYZER_NUMBER_OBJECT_CONVERSION = YES_AGGRESSIVE;
				CLANG_CXX_LANGUAGE_STANDARD = "gnu++0x";
				CLANG_CXX_LIBRARY = "libc++";
				CLANG_ENABLE_MODULES = YES;
				CLANG_ENABLE_OBJC_ARC = YES;
				CLANG_WARN_BOOL_CONVERSION = YES;
				CLANG_WARN_CONSTANT_CONVERSION = YES;
				CLANG_WARN_DIRECT_OBJC_ISA_USAGE = YES_ERROR;
				CLANG_WARN_DOCUMENTATION_COMMENTS = YES;
				CLANG_WARN_EMPTY_BODY = YES;
				CLANG_WARN_ENUM_CONVERSION = YES;
				CLANG_WARN_INFINITE_RECURSION = YES;
				CLANG_WARN_INT_CONVERSION = YES;
				CLANG_WARN_OBJC_ROOT_CLASS = YES_ERROR;
				CLANG_WARN_SUSPICIOUS_MOVE = YES;
				CLANG_WARN_UNREACHABLE_CODE = YES;
				CLANG_WARN__DUPLICATE_METHOD_MATCH = YES;
				"CODE_SIGN_IDENTITY[sdk=iphoneos*]" = "iPhone Developer";
				COPY_PHASE_STRIP = NO;
				DEBUG_INFORMATION_FORMAT = dwarf;
				ENABLE_STRICT_OBJC_MSGSEND = YES;
				ENABLE_TESTABILITY = YES;
				GCC_C_LANGUAGE_STANDARD = gnu99;
				GCC_DYNAMIC_NO_PIC = NO;
				GCC_NO_COMMON_BLOCKS = YES;
				GCC_OPTIMIZATION_LEVEL = 0;
				GCC_PREPROCESSOR_DEFINITIONS = (
					"DEBUG=1",
					"$(inherited)",
				);
				GCC_WARN_64_TO_32_BIT_CONVERSION = YES;
				GCC_WARN_ABOUT_RETURN_TYPE = YES_ERROR;
				GCC_WARN_UNDECLARED_SELECTOR = YES;
				GCC_WARN_UNINITIALIZED_AUTOS = YES_AGGRESSIVE;
				GCC_WARN_UNUSED_FUNCTION = YES;
				GCC_WARN_UNUSED_VARIABLE = YES;
				IPHONEOS_DEPLOYMENT_TARGET = 10.3;
				MTL_ENABLE_DEBUG_INFO = YES;
				ONLY_ACTIVE_ARCH = YES;
				SDKROOT = iphoneos;
				SWIFT_ACTIVE_COMPILATION_CONDITIONS = DEBUG;
				SWIFT_OPTIMIZATION_LEVEL = "-Onone";
				TARGETED_DEVICE_FAMILY = "1,2";
			};
			name = Debug;
		};
		D76BAA7A1ECE51BD007490E9 /* Release */ = {
			isa = XCBuildConfiguration;
			buildSettings = {
				ALWAYS_SEARCH_USER_PATHS = NO;
				CLANG_ANALYZER_NONNULL = YES;
				CLANG_ANALYZER_NUMBER_OBJECT_CONVERSION = YES_AGGRESSIVE;
				CLANG_CXX_LANGUAGE_STANDARD = "gnu++0x";
				CLANG_CXX_LIBRARY = "libc++";
				CLANG_ENABLE_MODULES = YES;
				CLANG_ENABLE_OBJC_ARC = YES;
				CLANG_WARN_BOOL_CONVERSION = YES;
				CLANG_WARN_CONSTANT_CONVERSION = YES;
				CLANG_WARN_DIRECT_OBJC_ISA_USAGE = YES_ERROR;
				CLANG_WARN_DOCUMENTATION_COMMENTS = YES;
				CLANG_WARN_EMPTY_BODY = YES;
				CLANG_WARN_ENUM_CONVERSION = YES;
				CLANG_WARN_INFINITE_RECURSION = YES;
				CLANG_WARN_INT_CONVERSION = YES;
				CLANG_WARN_OBJC_ROOT_CLASS = YES_ERROR;
				CLANG_WARN_SUSPICIOUS_MOVE = YES;
				CLANG_WARN_UNREACHABLE_CODE = YES;
				CLANG_WARN__DUPLICATE_METHOD_MATCH = YES;
				"CODE_SIGN_IDENTITY[sdk=iphoneos*]" = "iPhone Developer";
				COPY_PHASE_STRIP = NO;
				DEBUG_INFORMATION_FORMAT = "dwarf-with-dsym";
				ENABLE_NS_ASSERTIONS = NO;
				ENABLE_STRICT_OBJC_MSGSEND = YES;
				GCC_C_LANGUAGE_STANDARD = gnu99;
				GCC_NO_COMMON_BLOCKS = YES;
				GCC_WARN_64_TO_32_BIT_CONVERSION = YES;
				GCC_WARN_ABOUT_RETURN_TYPE = YES_ERROR;
				GCC_WARN_UNDECLARED_SELECTOR = YES;
				GCC_WARN_UNINITIALIZED_AUTOS = YES_AGGRESSIVE;
				GCC_WARN_UNUSED_FUNCTION = YES;
				GCC_WARN_UNUSED_VARIABLE = YES;
				IPHONEOS_DEPLOYMENT_TARGET = 10.3;
				MTL_ENABLE_DEBUG_INFO = NO;
				SDKROOT = iphoneos;
				SWIFT_OPTIMIZATION_LEVEL = "-Owholemodule";
				TARGETED_DEVICE_FAMILY = "1,2";
				VALIDATE_PRODUCT = YES;
			};
			name = Release;
		};
		D76BAA7C1ECE51BD007490E9 /* Debug */ = {
			isa = XCBuildConfiguration;
			buildSettings = {
				ASSETCATALOG_COMPILER_APPICON_NAME = AppIcon;
				INFOPLIST_FILE = "Black Hat/Info.plist";
				LD_RUNPATH_SEARCH_PATHS = "$(inherited) @executable_path/Frameworks";
				PRODUCT_BUNDLE_IDENTIFIER = "Eddy-Kim.Black-Hat";
				PRODUCT_NAME = "$(TARGET_NAME)";
				SWIFT_VERSION = 3.0;
			};
			name = Debug;
		};
		D76BAA7D1ECE51BD007490E9 /* Release */ = {
			isa = XCBuildConfiguration;
			buildSettings = {
				ASSETCATALOG_COMPILER_APPICON_NAME = AppIcon;
				INFOPLIST_FILE = "Black Hat/Info.plist";
				LD_RUNPATH_SEARCH_PATHS = "$(inherited) @executable_path/Frameworks";
				PRODUCT_BUNDLE_IDENTIFIER = "Eddy-Kim.Black-Hat";
				PRODUCT_NAME = "$(TARGET_NAME)";
				SWIFT_VERSION = 3.0;
			};
			name = Release;
		};
		D76BAA7F1ECE51BD007490E9 /* Debug */ = {
			isa = XCBuildConfiguration;
			buildSettings = {
				ALWAYS_EMBED_SWIFT_STANDARD_LIBRARIES = YES;
				BUNDLE_LOADER = "$(TEST_HOST)";
				INFOPLIST_FILE = "Black HatTests/Info.plist";
				LD_RUNPATH_SEARCH_PATHS = "$(inherited) @executable_path/Frameworks @loader_path/Frameworks";
				PRODUCT_BUNDLE_IDENTIFIER = "Eddy-Kim.Black-HatTests";
				PRODUCT_NAME = "$(TARGET_NAME)";
				SWIFT_VERSION = 3.0;
				TEST_HOST = "$(BUILT_PRODUCTS_DIR)/Black Hat.app/Black Hat";
			};
			name = Debug;
		};
		D76BAA801ECE51BD007490E9 /* Release */ = {
			isa = XCBuildConfiguration;
			buildSettings = {
				ALWAYS_EMBED_SWIFT_STANDARD_LIBRARIES = YES;
				BUNDLE_LOADER = "$(TEST_HOST)";
				INFOPLIST_FILE = "Black HatTests/Info.plist";
				LD_RUNPATH_SEARCH_PATHS = "$(inherited) @executable_path/Frameworks @loader_path/Frameworks";
				PRODUCT_BUNDLE_IDENTIFIER = "Eddy-Kim.Black-HatTests";
				PRODUCT_NAME = "$(TARGET_NAME)";
				SWIFT_VERSION = 3.0;
				TEST_HOST = "$(BUILT_PRODUCTS_DIR)/Black Hat.app/Black Hat";
			};
			name = Release;
		};
		D76BAA821ECE51BD007490E9 /* Debug */ = {
			isa = XCBuildConfiguration;
			buildSettings = {
				ALWAYS_EMBED_SWIFT_STANDARD_LIBRARIES = YES;
				INFOPLIST_FILE = "Black HatUITests/Info.plist";
				LD_RUNPATH_SEARCH_PATHS = "$(inherited) @executable_path/Frameworks @loader_path/Frameworks";
				PRODUCT_BUNDLE_IDENTIFIER = "Eddy-Kim.Black-HatUITests";
				PRODUCT_NAME = "$(TARGET_NAME)";
				SWIFT_VERSION = 3.0;
				TEST_TARGET_NAME = "Black Hat";
			};
			name = Debug;
		};
		D76BAA831ECE51BD007490E9 /* Release */ = {
			isa = XCBuildConfiguration;
			buildSettings = {
				ALWAYS_EMBED_SWIFT_STANDARD_LIBRARIES = YES;
				INFOPLIST_FILE = "Black HatUITests/Info.plist";
				LD_RUNPATH_SEARCH_PATHS = "$(inherited) @executable_path/Frameworks @loader_path/Frameworks";
				PRODUCT_BUNDLE_IDENTIFIER = "Eddy-Kim.Black-HatUITests";
				PRODUCT_NAME = "$(TARGET_NAME)";
				SWIFT_VERSION = 3.0;
				TEST_TARGET_NAME = "Black Hat";
			};
			name = Release;
		};
/* End XCBuildConfiguration section */

/* Begin XCConfigurationList section */
		D76BAA4E1ECE51BD007490E9 /* Build configuration list for PBXProject "Black Hat" */ = {
			isa = XCConfigurationList;
			buildConfigurations = (
				D76BAA791ECE51BD007490E9 /* Debug */,
				D76BAA7A1ECE51BD007490E9 /* Release */,
			);
			defaultConfigurationIsVisible = 0;
			defaultConfigurationName = Release;
		};
		D76BAA7B1ECE51BD007490E9 /* Build configuration list for PBXNativeTarget "Black Hat" */ = {
			isa = XCConfigurationList;
			buildConfigurations = (
				D76BAA7C1ECE51BD007490E9 /* Debug */,
				D76BAA7D1ECE51BD007490E9 /* Release */,
			);
			defaultConfigurationIsVisible = 0;
		};
		D76BAA7E1ECE51BD007490E9 /* Build configuration list for PBXNativeTarget "Black HatTests" */ = {
			isa = XCConfigurationList;
			buildConfigurations = (
				D76BAA7F1ECE51BD007490E9 /* Debug */,
				D76BAA801ECE51BD007490E9 /* Release */,
			);
			defaultConfigurationIsVisible = 0;
		};
		D76BAA811ECE51BD007490E9 /* Build configuration list for PBXNativeTarget "Black HatUITests" */ = {
			isa = XCConfigurationList;
			buildConfigurations = (
				D76BAA821ECE51BD007490E9 /* Debug */,
				D76BAA831ECE51BD007490E9 /* Release */,
			);
			defaultConfigurationIsVisible = 0;
		};
/* End XCConfigurationList section */
	};
	rootObject = D76BAA4B1ECE51BD007490E9 /* Project object */;
}
